
Microsoft Visual Studio Solution File, Format Version 12.00
# Visual Studio Version 16
VisualStudioVersion = 16.0.31313.79
MinimumVisualStudioVersion = 10.0.40219.1
Project("{FAE04EC0-301F-11D3-BF4B-00C04F79EFBC}") = "MovieSuggestion.Api", "MovieSuggestion\MovieSuggestion.Api.csproj", "{3CFD22DD-EAAC-4541-BB89-3884FCFA5F4A}"
EndProject
Project("{FAE04EC0-301F-11D3-BF4B-00C04F79EFBC}") = "MovieSuggestion.Data", "MovieSuggestion.Data\MovieSuggestion.Data.csproj", "{810271D5-E08B-4856-907A-A0AC457E8BCF}"
EndProject
Project("{FAE04EC0-301F-11D3-BF4B-00C04F79EFBC}") = "MovieSuggestion.Core", "MovieSuggestion.Core\MovieSuggestion.Core.csproj", "{B31FF065-B809-48C2-9EF6-1BE36F7FD883}"
EndProject
Project("{FAE04EC0-301F-11D3-BF4B-00C04F79EFBC}") = "MovieSuggestion.Test", "MovieSuggestion.Test\MovieSuggestion.Test.csproj", "{98092F50-6CF8-41D7-B54F-AA36E88E4A7E}"
EndProject
Global
	GlobalSection(SolutionConfigurationPlatforms) = preSolution
		Debug|Any CPU = Debug|Any CPU
		Release|Any CPU = Release|Any CPU
	EndGlobalSection
	GlobalSection(ProjectConfigurationPlatforms) = postSolution
		{3CFD22DD-EAAC-4541-BB89-3884FCFA5F4A}.Debug|Any CPU.ActiveCfg = Debug|Any CPU
		{3CFD22DD-EAAC-4541-BB89-3884FCFA5F4A}.Debug|Any CPU.Build.0 = Debug|Any CPU
		{3CFD22DD-EAAC-4541-BB89-3884FCFA5F4A}.Release|Any CPU.ActiveCfg = Release|Any CPU
		{3CFD22DD-EAAC-4541-BB89-3884FCFA5F4A}.Release|Any CPU.Build.0 = Release|Any CPU
		{810271D5-E08B-4856-907A-A0AC457E8BCF}.Debug|Any CPU.ActiveCfg = Debug|Any CPU
		{810271D5-E08B-4856-907A-A0AC457E8BCF}.Debug|Any CPU.Build.0 = Debug|Any CPU
		{810271D5-E08B-4856-907A-A0AC457E8BCF}.Release|Any CPU.ActiveCfg = Release|Any CPU
		{810271D5-E08B-4856-907A-A0AC457E8BCF}.Release|Any CPU.Build.0 = Release|Any CPU
		{B31FF065-B809-48C2-9EF6-1BE36F7FD883}.Debug|Any CPU.ActiveCfg = Debug|Any CPU
		{B31FF065-B809-48C2-9EF6-1BE36F7FD883}.Debug|Any CPU.Build.0 = Debug|Any CPU
		{B31FF065-B809-48C2-9EF6-1BE36F7FD883}.Release|Any CPU.ActiveCfg = Release|Any CPU
		{B31FF065-B809-48C2-9EF6-1BE36F7FD883}.Release|Any CPU.Build.0 = Release|Any CPU
		{98092F50-6CF8-41D7-B54F-AA36E88E4A7E}.Debug|Any CPU.ActiveCfg = Debug|Any CPU
		{98092F50-6CF8-41D7-B54F-AA36E88E4A7E}.Debug|Any CPU.Build.0 = Debug|Any CPU
		{98092F50-6CF8-41D7-B54F-AA36E88E4A7E}.Release|Any CPU.ActiveCfg = Release|Any CPU
		{98092F50-6CF8-41D7-B54F-AA36E88E4A7E}.Release|Any CPU.Build.0 = Release|Any CPU
	EndGlobalSection
	GlobalSection(SolutionProperties) = preSolution
		HideSolutionNode = FALSE
	EndGlobalSection
	GlobalSection(ExtensibilityGlobals) = postSolution
		SolutionGuid = {9A49904E-33B6-452B-B732-9A34CD8DEAF4}
	EndGlobalSection
EndGlobal
